
Microsoft Visual Studio Solution File, Format Version 12.00
# Visual Studio Version 17
VisualStudioVersion = 17.3.32929.385
MinimumVisualStudioVersion = 10.0.40219.1
Project("{FAE04EC0-301F-11D3-BF4B-00C04F79EFBC}") = "ZSI_Neural", "ZSI_Neural\ZSI_Neural.csproj", "{A91BAA49-DDB1-4719-8C78-B4E89FF277AE}"
EndProject
Project("{FAE04EC0-301F-11D3-BF4B-00C04F79EFBC}") = "ZSI_NeuralNetwork", "ZSI_NeuralNetwork\ZSI_NeuralNetwork.csproj", "{FDD74B18-AF38-41B3-AFD9-1CC54892BFB2}"
EndProject
Project("{FAE04EC0-301F-11D3-BF4B-00C04F79EFBC}") = "ZSI_Core", "ZSI_Core\ZSI_Core.csproj", "{5D18EE43-EAF4-4094-89C7-B6D670E99951}"
EndProject
Global
	GlobalSection(SolutionConfigurationPlatforms) = preSolution
		Debug|Any CPU = Debug|Any CPU
		Release|Any CPU = Release|Any CPU
	EndGlobalSection
	GlobalSection(ProjectConfigurationPlatforms) = postSolution
		{A91BAA49-DDB1-4719-8C78-B4E89FF277AE}.Debug|Any CPU.ActiveCfg = Debug|Any CPU
		{A91BAA49-DDB1-4719-8C78-B4E89FF277AE}.Debug|Any CPU.Build.0 = Debug|Any CPU
		{A91BAA49-DDB1-4719-8C78-B4E89FF277AE}.Release|Any CPU.ActiveCfg = Release|Any CPU
		{A91BAA49-DDB1-4719-8C78-B4E89FF277AE}.Release|Any CPU.Build.0 = Release|Any CPU
		{FDD74B18-AF38-41B3-AFD9-1CC54892BFB2}.Debug|Any CPU.ActiveCfg = Debug|Any CPU
		{FDD74B18-AF38-41B3-AFD9-1CC54892BFB2}.Debug|Any CPU.Build.0 = Debug|Any CPU
		{FDD74B18-AF38-41B3-AFD9-1CC54892BFB2}.Release|Any CPU.ActiveCfg = Release|Any CPU
		{FDD74B18-AF38-41B3-AFD9-1CC54892BFB2}.Release|Any CPU.Build.0 = Release|Any CPU
		{5D18EE43-EAF4-4094-89C7-B6D670E99951}.Debug|Any CPU.ActiveCfg = Debug|Any CPU
		{5D18EE43-EAF4-4094-89C7-B6D670E99951}.Debug|Any CPU.Build.0 = Debug|Any CPU
		{5D18EE43-EAF4-4094-89C7-B6D670E99951}.Release|Any CPU.ActiveCfg = Release|Any CPU
		{5D18EE43-EAF4-4094-89C7-B6D670E99951}.Release|Any CPU.Build.0 = Release|Any CPU
	EndGlobalSection
	GlobalSection(SolutionProperties) = preSolution
		HideSolutionNode = FALSE
	EndGlobalSection
	GlobalSection(ExtensibilityGlobals) = postSolution
		SolutionGuid = {CA946F50-50FF-4099-940F-006D2A8C90FC}
	EndGlobalSection
EndGlobal
